
Microsoft Visual Studio Solution File, Format Version 12.00
# Visual Studio Version 17
VisualStudioVersion = 17.12.35410.144
MinimumVisualStudioVersion = 10.0.40219.1
Project("{FAE04EC0-301F-11D3-BF4B-00C04F79EFBC}") = "HeosNet", "HeosNet\HeosNet.csproj", "{46AB2BB8-34EC-407B-BFDF-A02E727388D2}"
EndProject
Project("{FAE04EC0-301F-11D3-BF4B-00C04F79EFBC}") = "HeosNet.Tests", "HeosNet.Tests\HeosNet.Tests.csproj", "{1BED1BE9-DDCA-420D-AAED-D468E43E41C7}"
EndProject
Global
	GlobalSection(SolutionConfigurationPlatforms) = preSolution
		Debug|Any CPU = Debug|Any CPU
		Release|Any CPU = Release|Any CPU
	EndGlobalSection
	GlobalSection(ProjectConfigurationPlatforms) = postSolution
		{46AB2BB8-34EC-407B-BFDF-A02E727388D2}.Debug|Any CPU.ActiveCfg = Debug|Any CPU
		{46AB2BB8-34EC-407B-BFDF-A02E727388D2}.Debug|Any CPU.Build.0 = Debug|Any CPU
		{46AB2BB8-34EC-407B-BFDF-A02E727388D2}.Release|Any CPU.ActiveCfg = Release|Any CPU
		{46AB2BB8-34EC-407B-BFDF-A02E727388D2}.Release|Any CPU.Build.0 = Release|Any CPU
		{1BED1BE9-DDCA-420D-AAED-D468E43E41C7}.Debug|Any CPU.ActiveCfg = Debug|Any CPU
		{1BED1BE9-DDCA-420D-AAED-D468E43E41C7}.Debug|Any CPU.Build.0 = Debug|Any CPU
		{1BED1BE9-DDCA-420D-AAED-D468E43E41C7}.Release|Any CPU.ActiveCfg = Release|Any CPU
		{1BED1BE9-DDCA-420D-AAED-D468E43E41C7}.Release|Any CPU.Build.0 = Release|Any CPU
	EndGlobalSection
	GlobalSection(SolutionProperties) = preSolution
		HideSolutionNode = FALSE
	EndGlobalSection
EndGlobal
